// !$*UTF8*$!
{
	archiveVersion = 1;
	classes = {
	};
	objectVersion = 56;
	objects = {

/* Begin PBXBuildFile section */
		3E05B8862C7382680027FBB3 /* FlightCardMainScrollView.swift in Sources */ = {isa = PBXBuildFile; fileRef = 3E05B8852C7382680027FBB3 /* FlightCardMainScrollView.swift */; };
		3E07D3132C5AA3A7009B346C /* BottomSheetPresentable+Layout.swift in Sources */ = {isa = PBXBuildFile; fileRef = 3E07D3122C5AA3A7009B346C /* BottomSheetPresentable+Layout.swift */; };
		3E07D3192C5AA8E6009B346C /* BottomSheetAnimator.swift in Sources */ = {isa = PBXBuildFile; fileRef = 3E07D3182C5AA8E6009B346C /* BottomSheetAnimator.swift */; };
		3E207DA12C4FF90300BFAFE0 /* TabView.swift in Sources */ = {isa = PBXBuildFile; fileRef = 3E207DA02C4FF90300BFAFE0 /* TabView.swift */; };
		3E6EEFF32C5D325100CF6616 /* DateResultModel.swift in Sources */ = {isa = PBXBuildFile; fileRef = 3E6EEFF22C5D325100CF6616 /* DateResultModel.swift */; };
		3E91BF892C54CAD60053177B /* PanModalViewController.swift in Sources */ = {isa = PBXBuildFile; fileRef = 3E91BF882C54CAD60053177B /* PanModalViewController.swift */; };
		3E91BF8B2C568DC50053177B /* BottomSheetPresentationAnimator.swift in Sources */ = {isa = PBXBuildFile; fileRef = 3E91BF8A2C568DC50053177B /* BottomSheetPresentationAnimator.swift */; };
		3E91BF8F2C56A3FB0053177B /* PanContainerView.swift in Sources */ = {isa = PBXBuildFile; fileRef = 3E91BF8E2C56A3FB0053177B /* PanContainerView.swift */; };
		3EBD77FD2C4EA13D0069F583 /* AppDelegate.swift in Sources */ = {isa = PBXBuildFile; fileRef = 3EBD77FC2C4EA13D0069F583 /* AppDelegate.swift */; };
		3EBD77FF2C4EA13D0069F583 /* SceneDelegate.swift in Sources */ = {isa = PBXBuildFile; fileRef = 3EBD77FE2C4EA13D0069F583 /* SceneDelegate.swift */; };
		3EBD78012C4EA13D0069F583 /* ViewController.swift in Sources */ = {isa = PBXBuildFile; fileRef = 3EBD78002C4EA13D0069F583 /* ViewController.swift */; };
		3EBD78042C4EA13D0069F583 /* Base in Resources */ = {isa = PBXBuildFile; fileRef = 3EBD78032C4EA13D0069F583 /* Base */; };
		3EBD78062C4EA13D0069F583 /* Assets.xcassets in Resources */ = {isa = PBXBuildFile; fileRef = 3EBD78052C4EA13D0069F583 /* Assets.xcassets */; };
		3EBD78092C4EA13D0069F583 /* Base in Resources */ = {isa = PBXBuildFile; fileRef = 3EBD78082C4EA13D0069F583 /* Base */; };
		3EBD78132C4EA5620069F583 /* FlightCardViewController.swift in Sources */ = {isa = PBXBuildFile; fileRef = 3EBD78122C4EA5620069F583 /* FlightCardViewController.swift */; };
		3EBD78152C4EBEE30069F583 /* FlightCardTableViewCell.swift in Sources */ = {isa = PBXBuildFile; fileRef = 3EBD78142C4EBEE30069F583 /* FlightCardTableViewCell.swift */; };
		3EFF87EB2C5BE66600A97941 /* FlightCardAnimationView.swift in Sources */ = {isa = PBXBuildFile; fileRef = 3EFF87EA2C5BE66600A97941 /* FlightCardAnimationView.swift */; };
		7B1CC3D52C5B9B940019F9B4 /* FlightCardHeaderView.swift in Sources */ = {isa = PBXBuildFile; fileRef = 7B1CC3D42C5B9B940019F9B4 /* FlightCardHeaderView.swift */; };
		7B1FDA942C634E260025F717 /* FlightCardPage.swift in Sources */ = {isa = PBXBuildFile; fileRef = 7B1FDA932C634E260025F717 /* FlightCardPage.swift */; };
		7B27F5F62C578FD6000808DF /* TabModel.swift in Sources */ = {isa = PBXBuildFile; fileRef = 7B27F5F52C578FD6000808DF /* TabModel.swift */; };
		7B27F5F82C5886C9000808DF /* TabItem.swift in Sources */ = {isa = PBXBuildFile; fileRef = 7B27F5F72C5886C9000808DF /* TabItem.swift */; };
		7B27F5FA2C58D4BA000808DF /* TabViewDelegate.swift in Sources */ = {isa = PBXBuildFile; fileRef = 7B27F5F92C58D4BA000808DF /* TabViewDelegate.swift */; };
		7B3473A72C634D0A001CBC8B /* FlightCardPageController.swift in Sources */ = {isa = PBXBuildFile; fileRef = 7B3473A62C634D0A001CBC8B /* FlightCardPageController.swift */; };
		7B69A99A2C53858100B0D3D6 /* BottomSheetViewController.swift in Sources */ = {isa = PBXBuildFile; fileRef = 7B69A9992C53858100B0D3D6 /* BottomSheetViewController.swift */; };
		7B69A9A42C53A30000B0D3D6 /* BottomSheetPresentationController.swift in Sources */ = {isa = PBXBuildFile; fileRef = 7B69A9A12C53A2FF00B0D3D6 /* BottomSheetPresentationController.swift */; };
		7B69A9A52C53A30000B0D3D6 /* BottomSheetTransition.swift in Sources */ = {isa = PBXBuildFile; fileRef = 7B69A9A02C53A2FF00B0D3D6 /* BottomSheetTransition.swift */; };
		7B7094FA2C5C6DC200D9B3FA /* UINavigationBar+Extension.swift in Sources */ = {isa = PBXBuildFile; fileRef = 7B7094F92C5C6DC200D9B3FA /* UINavigationBar+Extension.swift */; };
		7B7094FC2C5C6EEB00D9B3FA /* ScrollViewTracker.swift in Sources */ = {isa = PBXBuildFile; fileRef = 7B7094FB2C5C6EEB00D9B3FA /* ScrollViewTracker.swift */; };
		7B7095072C5C91C400D9B3FA /* Cathay_Animation_DemoTests.swift in Sources */ = {isa = PBXBuildFile; fileRef = 7B7095062C5C91C400D9B3FA /* Cathay_Animation_DemoTests.swift */; };
		7BA9D2612C59D8A200BC9612 /* BottomSheetPresentable.swift in Sources */ = {isa = PBXBuildFile; fileRef = 7BA9D2602C59D8A200BC9612 /* BottomSheetPresentable.swift */; };
		7BF63CFA2C6346FA002CD8A6 /* FlightModel.swift in Sources */ = {isa = PBXBuildFile; fileRef = 7BF63CF92C6346FA002CD8A6 /* FlightModel.swift */; };
		7BF922F32C4F53B7009CC71D /* MockNetworkHelper.swift in Sources */ = {isa = PBXBuildFile; fileRef = 7BF922F22C4F53B7009CC71D /* MockNetworkHelper.swift */; };
		7BF922F72C4FBFD6009CC71D /* FlightCardModel.swift in Sources */ = {isa = PBXBuildFile; fileRef = 7BF922F62C4FBFD6009CC71D /* FlightCardModel.swift */; };
		8CB75DF1CFD24A8C4587396F /* Pods_Cathay_Animation_Demo.framework in Frameworks */ = {isa = PBXBuildFile; fileRef = 0ABDF1CDCEC22FDDE9067C27 /* Pods_Cathay_Animation_Demo.framework */; };
/* End PBXBuildFile section */

/* Begin PBXContainerItemProxy section */
		7B7095082C5C91C400D9B3FA /* PBXContainerItemProxy */ = {
			isa = PBXContainerItemProxy;
			containerPortal = 3EBD77F12C4EA13D0069F583 /* Project object */;
			proxyType = 1;
			remoteGlobalIDString = 3EBD77F82C4EA13D0069F583;
			remoteInfo = "Cathay-Animation-Demo";
		};
/* End PBXContainerItemProxy section */

/* Begin PBXFileReference section */
		0ABDF1CDCEC22FDDE9067C27 /* Pods_Cathay_Animation_Demo.framework */ = {isa = PBXFileReference; explicitFileType = wrapper.framework; includeInIndex = 0; path = Pods_Cathay_Animation_Demo.framework; sourceTree = BUILT_PRODUCTS_DIR; };
		3E05B8852C7382680027FBB3 /* FlightCardMainScrollView.swift */ = {isa = PBXFileReference; lastKnownFileType = sourcecode.swift; path = FlightCardMainScrollView.swift; sourceTree = "<group>"; };
		3E07D3122C5AA3A7009B346C /* BottomSheetPresentable+Layout.swift */ = {isa = PBXFileReference; lastKnownFileType = sourcecode.swift; path = "BottomSheetPresentable+Layout.swift"; sourceTree = "<group>"; };
		3E07D3182C5AA8E6009B346C /* BottomSheetAnimator.swift */ = {isa = PBXFileReference; lastKnownFileType = sourcecode.swift; path = BottomSheetAnimator.swift; sourceTree = "<group>"; };
		3E207DA02C4FF90300BFAFE0 /* TabView.swift */ = {isa = PBXFileReference; lastKnownFileType = sourcecode.swift; path = TabView.swift; sourceTree = "<group>"; };
		3E6EEFF22C5D325100CF6616 /* DateResultModel.swift */ = {isa = PBXFileReference; lastKnownFileType = sourcecode.swift; path = DateResultModel.swift; sourceTree = "<group>"; };
		3E91BF882C54CAD60053177B /* PanModalViewController.swift */ = {isa = PBXFileReference; lastKnownFileType = sourcecode.swift; path = PanModalViewController.swift; sourceTree = "<group>"; };
		3E91BF8A2C568DC50053177B /* BottomSheetPresentationAnimator.swift */ = {isa = PBXFileReference; lastKnownFileType = sourcecode.swift; path = BottomSheetPresentationAnimator.swift; sourceTree = "<group>"; };
		3E91BF8E2C56A3FB0053177B /* PanContainerView.swift */ = {isa = PBXFileReference; lastKnownFileType = sourcecode.swift; path = PanContainerView.swift; sourceTree = "<group>"; };
		3EBD77F92C4EA13D0069F583 /* Cathay-Animation-Demo.app */ = {isa = PBXFileReference; explicitFileType = wrapper.application; includeInIndex = 0; path = "Cathay-Animation-Demo.app"; sourceTree = BUILT_PRODUCTS_DIR; };
		3EBD77FC2C4EA13D0069F583 /* AppDelegate.swift */ = {isa = PBXFileReference; lastKnownFileType = sourcecode.swift; path = AppDelegate.swift; sourceTree = "<group>"; };
		3EBD77FE2C4EA13D0069F583 /* SceneDelegate.swift */ = {isa = PBXFileReference; lastKnownFileType = sourcecode.swift; path = SceneDelegate.swift; sourceTree = "<group>"; };
		3EBD78002C4EA13D0069F583 /* ViewController.swift */ = {isa = PBXFileReference; lastKnownFileType = sourcecode.swift; path = ViewController.swift; sourceTree = "<group>"; };
		3EBD78032C4EA13D0069F583 /* Base */ = {isa = PBXFileReference; lastKnownFileType = file.storyboard; name = Base; path = Base.lproj/Main.storyboard; sourceTree = "<group>"; };
		3EBD78052C4EA13D0069F583 /* Assets.xcassets */ = {isa = PBXFileReference; lastKnownFileType = folder.assetcatalog; path = Assets.xcassets; sourceTree = "<group>"; };
		3EBD78082C4EA13D0069F583 /* Base */ = {isa = PBXFileReference; lastKnownFileType = file.storyboard; name = Base; path = Base.lproj/LaunchScreen.storyboard; sourceTree = "<group>"; };
		3EBD780A2C4EA13D0069F583 /* Info.plist */ = {isa = PBXFileReference; lastKnownFileType = text.plist.xml; path = Info.plist; sourceTree = "<group>"; };
		3EBD78122C4EA5620069F583 /* FlightCardViewController.swift */ = {isa = PBXFileReference; lastKnownFileType = sourcecode.swift; path = FlightCardViewController.swift; sourceTree = "<group>"; };
		3EBD78142C4EBEE30069F583 /* FlightCardTableViewCell.swift */ = {isa = PBXFileReference; lastKnownFileType = sourcecode.swift; path = FlightCardTableViewCell.swift; sourceTree = "<group>"; };
		3EFF87EA2C5BE66600A97941 /* FlightCardAnimationView.swift */ = {isa = PBXFileReference; lastKnownFileType = sourcecode.swift; path = FlightCardAnimationView.swift; sourceTree = "<group>"; };
		73484422887A58C087246698 /* Pods-Cathay-Animation-Demo.debug.xcconfig */ = {isa = PBXFileReference; includeInIndex = 1; lastKnownFileType = text.xcconfig; name = "Pods-Cathay-Animation-Demo.debug.xcconfig"; path = "Target Support Files/Pods-Cathay-Animation-Demo/Pods-Cathay-Animation-Demo.debug.xcconfig"; sourceTree = "<group>"; };
		7B1CC3D42C5B9B940019F9B4 /* FlightCardHeaderView.swift */ = {isa = PBXFileReference; lastKnownFileType = sourcecode.swift; path = FlightCardHeaderView.swift; sourceTree = "<group>"; };
		7B1FDA932C634E260025F717 /* FlightCardPage.swift */ = {isa = PBXFileReference; fileEncoding = 4; lastKnownFileType = sourcecode.swift; path = FlightCardPage.swift; sourceTree = "<group>"; };
		7B27F5F52C578FD6000808DF /* TabModel.swift */ = {isa = PBXFileReference; lastKnownFileType = sourcecode.swift; path = TabModel.swift; sourceTree = "<group>"; };
		7B27F5F72C5886C9000808DF /* TabItem.swift */ = {isa = PBXFileReference; lastKnownFileType = sourcecode.swift; path = TabItem.swift; sourceTree = "<group>"; };
		7B27F5F92C58D4BA000808DF /* TabViewDelegate.swift */ = {isa = PBXFileReference; lastKnownFileType = sourcecode.swift; path = TabViewDelegate.swift; sourceTree = "<group>"; };
		7B3473A62C634D0A001CBC8B /* FlightCardPageController.swift */ = {isa = PBXFileReference; lastKnownFileType = sourcecode.swift; path = FlightCardPageController.swift; sourceTree = "<group>"; };
		7B69A9992C53858100B0D3D6 /* BottomSheetViewController.swift */ = {isa = PBXFileReference; lastKnownFileType = sourcecode.swift; path = BottomSheetViewController.swift; sourceTree = "<group>"; };
		7B69A9A02C53A2FF00B0D3D6 /* BottomSheetTransition.swift */ = {isa = PBXFileReference; lastKnownFileType = sourcecode.swift; path = BottomSheetTransition.swift; sourceTree = "<group>"; };
		7B69A9A12C53A2FF00B0D3D6 /* BottomSheetPresentationController.swift */ = {isa = PBXFileReference; lastKnownFileType = sourcecode.swift; path = BottomSheetPresentationController.swift; sourceTree = "<group>"; };
		7B7094F92C5C6DC200D9B3FA /* UINavigationBar+Extension.swift */ = {isa = PBXFileReference; lastKnownFileType = sourcecode.swift; path = "UINavigationBar+Extension.swift"; sourceTree = "<group>"; };
		7B7094FB2C5C6EEB00D9B3FA /* ScrollViewTracker.swift */ = {isa = PBXFileReference; lastKnownFileType = sourcecode.swift; path = ScrollViewTracker.swift; sourceTree = "<group>"; };
		7B7095042C5C91C400D9B3FA /* Cathay-Animation-DemoTests.xctest */ = {isa = PBXFileReference; explicitFileType = wrapper.cfbundle; includeInIndex = 0; path = "Cathay-Animation-DemoTests.xctest"; sourceTree = BUILT_PRODUCTS_DIR; };
		7B7095062C5C91C400D9B3FA /* Cathay_Animation_DemoTests.swift */ = {isa = PBXFileReference; lastKnownFileType = sourcecode.swift; path = Cathay_Animation_DemoTests.swift; sourceTree = "<group>"; };
		7BA9D2602C59D8A200BC9612 /* BottomSheetPresentable.swift */ = {isa = PBXFileReference; lastKnownFileType = sourcecode.swift; path = BottomSheetPresentable.swift; sourceTree = "<group>"; };
		7BF63CF92C6346FA002CD8A6 /* FlightModel.swift */ = {isa = PBXFileReference; lastKnownFileType = sourcecode.swift; path = FlightModel.swift; sourceTree = "<group>"; };
		7BF922F22C4F53B7009CC71D /* MockNetworkHelper.swift */ = {isa = PBXFileReference; lastKnownFileType = sourcecode.swift; path = MockNetworkHelper.swift; sourceTree = "<group>"; };
		7BF922F62C4FBFD6009CC71D /* FlightCardModel.swift */ = {isa = PBXFileReference; lastKnownFileType = sourcecode.swift; path = FlightCardModel.swift; sourceTree = "<group>"; };
		9F4803B96DA22A4CC71FB079 /* Pods-Cathay-Animation-Demo.release.xcconfig */ = {isa = PBXFileReference; includeInIndex = 1; lastKnownFileType = text.xcconfig; name = "Pods-Cathay-Animation-Demo.release.xcconfig"; path = "Target Support Files/Pods-Cathay-Animation-Demo/Pods-Cathay-Animation-Demo.release.xcconfig"; sourceTree = "<group>"; };
/* End PBXFileReference section */

/* Begin PBXFrameworksBuildPhase section */
		3EBD77F62C4EA13D0069F583 /* Frameworks */ = {
			isa = PBXFrameworksBuildPhase;
			buildActionMask = 2147483647;
			files = (
				8CB75DF1CFD24A8C4587396F /* Pods_Cathay_Animation_Demo.framework in Frameworks */,
			);
			runOnlyForDeploymentPostprocessing = 0;
		};
		7B7095012C5C91C400D9B3FA /* Frameworks */ = {
			isa = PBXFrameworksBuildPhase;
			buildActionMask = 2147483647;
			files = (
			);
			runOnlyForDeploymentPostprocessing = 0;
		};
/* End PBXFrameworksBuildPhase section */

/* Begin PBXGroup section */
		3737C43CBAE4CB812C9D15A9 /* Frameworks */ = {
			isa = PBXGroup;
			children = (
				0ABDF1CDCEC22FDDE9067C27 /* Pods_Cathay_Animation_Demo.framework */,
			);
			name = Frameworks;
			sourceTree = "<group>";
		};
		3E07D3142C5AA3C1009B346C /* Presentable */ = {
			isa = PBXGroup;
			children = (
				7BA9D2602C59D8A200BC9612 /* BottomSheetPresentable.swift */,
				3E07D3122C5AA3A7009B346C /* BottomSheetPresentable+Layout.swift */,
			);
			path = Presentable;
			sourceTree = "<group>";
		};
		3E07D3152C5AA3CF009B346C /* Animator */ = {
			isa = PBXGroup;
			children = (
				3E91BF8A2C568DC50053177B /* BottomSheetPresentationAnimator.swift */,
				3E07D3182C5AA8E6009B346C /* BottomSheetAnimator.swift */,
			);
			path = Animator;
			sourceTree = "<group>";
		};
		3E07D3162C5AA3D5009B346C /* View */ = {
			isa = PBXGroup;
			children = (
				3E91BF8E2C56A3FB0053177B /* PanContainerView.swift */,
			);
			path = View;
			sourceTree = "<group>";
		};
		3E07D3172C5AA3DC009B346C /* Controller */ = {
			isa = PBXGroup;
			children = (
				7B69A9A12C53A2FF00B0D3D6 /* BottomSheetPresentationController.swift */,
			);
			path = Controller;
			sourceTree = "<group>";
		};
		3EBD77F02C4EA13D0069F583 = {
			isa = PBXGroup;
			children = (
				3EBD77FB2C4EA13D0069F583 /* Cathay-Animation-Demo */,
				7B7095052C5C91C400D9B3FA /* Cathay-Animation-DemoTests */,
				3EBD77FA2C4EA13D0069F583 /* Products */,
				B9DBCC294FF5A28571AE7710 /* Pods */,
				3737C43CBAE4CB812C9D15A9 /* Frameworks */,
			);
			sourceTree = "<group>";
		};
		3EBD77FA2C4EA13D0069F583 /* Products */ = {
			isa = PBXGroup;
			children = (
				3EBD77F92C4EA13D0069F583 /* Cathay-Animation-Demo.app */,
				7B7095042C5C91C400D9B3FA /* Cathay-Animation-DemoTests.xctest */,
			);
			name = Products;
			sourceTree = "<group>";
		};
		3EBD77FB2C4EA13D0069F583 /* Cathay-Animation-Demo */ = {
			isa = PBXGroup;
			children = (
				3EBD77FC2C4EA13D0069F583 /* AppDelegate.swift */,
				3EBD77FE2C4EA13D0069F583 /* SceneDelegate.swift */,
				3EBD78002C4EA13D0069F583 /* ViewController.swift */,
				7B27F5F42C576A05000808DF /* TabView */,
				7B69A99B2C5385AF00B0D3D6 /* BottomSheet */,
				7BF922F52C4F80D8009CC71D /* FlightCard */,
				7BF922F42C4F80CB009CC71D /* Helper */,
				7B7094FD2C5C7C4600D9B3FA /* Extension */,
				3EBD78022C4EA13D0069F583 /* Main.storyboard */,
				3EBD78052C4EA13D0069F583 /* Assets.xcassets */,
				3EBD78072C4EA13D0069F583 /* LaunchScreen.storyboard */,
				3EBD780A2C4EA13D0069F583 /* Info.plist */,
			);
			path = "Cathay-Animation-Demo";
			sourceTree = "<group>";
		};
		7B27F5F42C576A05000808DF /* TabView */ = {
			isa = PBXGroup;
			children = (
				3E207DA02C4FF90300BFAFE0 /* TabView.swift */,
				7B27F5F92C58D4BA000808DF /* TabViewDelegate.swift */,
				7B27F5F72C5886C9000808DF /* TabItem.swift */,
				7B27F5F52C578FD6000808DF /* TabModel.swift */,
			);
			path = TabView;
			sourceTree = "<group>";
		};
		7B69A99B2C5385AF00B0D3D6 /* BottomSheet */ = {
			isa = PBXGroup;
			children = (
				7B69A9992C53858100B0D3D6 /* BottomSheetViewController.swift */,
				3E91BF882C54CAD60053177B /* PanModalViewController.swift */,
				7B69A9A82C53A30900B0D3D6 /* Transition */,
			);
			path = BottomSheet;
			sourceTree = "<group>";
		};
		7B69A9A82C53A30900B0D3D6 /* Transition */ = {
			isa = PBXGroup;
			children = (
				7B69A9A02C53A2FF00B0D3D6 /* BottomSheetTransition.swift */,
				3E07D3172C5AA3DC009B346C /* Controller */,
				3E07D3142C5AA3C1009B346C /* Presentable */,
				3E07D3152C5AA3CF009B346C /* Animator */,
				3E07D3162C5AA3D5009B346C /* View */,
			);
			path = Transition;
			sourceTree = "<group>";
		};
		7B7094FD2C5C7C4600D9B3FA /* Extension */ = {
			isa = PBXGroup;
			children = (
				7B7094F92C5C6DC200D9B3FA /* UINavigationBar+Extension.swift */,
			);
			path = Extension;
			sourceTree = "<group>";
		};
		7B7094FE2C5C843E00D9B3FA /* View */ = {
			isa = PBXGroup;
			children = (
				3E05B8852C7382680027FBB3 /* FlightCardMainScrollView.swift */,
				7B1CC3D42C5B9B940019F9B4 /* FlightCardHeaderView.swift */,
				3EFF87EA2C5BE66600A97941 /* FlightCardAnimationView.swift */,
				3EBD78142C4EBEE30069F583 /* FlightCardTableViewCell.swift */,
			);
			path = View;
			sourceTree = "<group>";
		};
		7B7094FF2C5C844400D9B3FA /* Model */ = {
			isa = PBXGroup;
			children = (
				3E6EEFF22C5D325100CF6616 /* DateResultModel.swift */,
				7BF922F62C4FBFD6009CC71D /* FlightCardModel.swift */,
				7BF63CF92C6346FA002CD8A6 /* FlightModel.swift */,
			);
			path = Model;
			sourceTree = "<group>";
		};
		7B7095052C5C91C400D9B3FA /* Cathay-Animation-DemoTests */ = {
			isa = PBXGroup;
			children = (
				7B7095062C5C91C400D9B3FA /* Cathay_Animation_DemoTests.swift */,
			);
			path = "Cathay-Animation-DemoTests";
			sourceTree = "<group>";
		};
		7BF922F42C4F80CB009CC71D /* Helper */ = {
			isa = PBXGroup;
			children = (
				7BF922F22C4F53B7009CC71D /* MockNetworkHelper.swift */,
				7B7094FB2C5C6EEB00D9B3FA /* ScrollViewTracker.swift */,
			);
			path = Helper;
			sourceTree = "<group>";
		};
		7BF922F52C4F80D8009CC71D /* FlightCard */ = {
			isa = PBXGroup;
			children = (
				3EBD78122C4EA5620069F583 /* FlightCardViewController.swift */,
				7B3473A62C634D0A001CBC8B /* FlightCardPageController.swift */,
				7B1FDA932C634E260025F717 /* FlightCardPage.swift */,
				7B7094FE2C5C843E00D9B3FA /* View */,
				7B7094FF2C5C844400D9B3FA /* Model */,
			);
			path = FlightCard;
			sourceTree = "<group>";
		};
		B9DBCC294FF5A28571AE7710 /* Pods */ = {
			isa = PBXGroup;
			children = (
				73484422887A58C087246698 /* Pods-Cathay-Animation-Demo.debug.xcconfig */,
				9F4803B96DA22A4CC71FB079 /* Pods-Cathay-Animation-Demo.release.xcconfig */,
			);
			path = Pods;
			sourceTree = "<group>";
		};
/* End PBXGroup section */

/* Begin PBXNativeTarget section */
		3EBD77F82C4EA13D0069F583 /* Cathay-Animation-Demo */ = {
			isa = PBXNativeTarget;
			buildConfigurationList = 3EBD780D2C4EA13D0069F583 /* Build configuration list for PBXNativeTarget "Cathay-Animation-Demo" */;
			buildPhases = (
				D350C9ABC77CF0D6B041C6A4 /* [CP] Check Pods Manifest.lock */,
				3EBD77F52C4EA13D0069F583 /* Sources */,
				3EBD77F62C4EA13D0069F583 /* Frameworks */,
				3EBD77F72C4EA13D0069F583 /* Resources */,
				4B3F1575D3C8975EBECF9249 /* [CP] Embed Pods Frameworks */,
			);
			buildRules = (
			);
			dependencies = (
			);
			name = "Cathay-Animation-Demo";
			productName = "Cathay-Animation-Demo";
			productReference = 3EBD77F92C4EA13D0069F583 /* Cathay-Animation-Demo.app */;
			productType = "com.apple.product-type.application";
		};
		7B7095032C5C91C400D9B3FA /* Cathay-Animation-DemoTests */ = {
			isa = PBXNativeTarget;
			buildConfigurationList = 7B70950C2C5C91C400D9B3FA /* Build configuration list for PBXNativeTarget "Cathay-Animation-DemoTests" */;
			buildPhases = (
				7B7095002C5C91C400D9B3FA /* Sources */,
				7B7095012C5C91C400D9B3FA /* Frameworks */,
				7B7095022C5C91C400D9B3FA /* Resources */,
			);
			buildRules = (
			);
			dependencies = (
				7B7095092C5C91C400D9B3FA /* PBXTargetDependency */,
			);
			name = "Cathay-Animation-DemoTests";
			productName = "Cathay-Animation-DemoTests";
			productReference = 7B7095042C5C91C400D9B3FA /* Cathay-Animation-DemoTests.xctest */;
			productType = "com.apple.product-type.bundle.unit-test";
		};
/* End PBXNativeTarget section */

/* Begin PBXProject section */
		3EBD77F12C4EA13D0069F583 /* Project object */ = {
			isa = PBXProject;
			attributes = {
				BuildIndependentTargetsInParallel = 1;
				LastSwiftUpdateCheck = 1500;
				LastUpgradeCheck = 1530;
				TargetAttributes = {
					3EBD77F82C4EA13D0069F583 = {
						CreatedOnToolsVersion = 15.3;
					};
					7B7095032C5C91C400D9B3FA = {
						CreatedOnToolsVersion = 15.0.1;
						TestTargetID = 3EBD77F82C4EA13D0069F583;
					};
				};
			};
			buildConfigurationList = 3EBD77F42C4EA13D0069F583 /* Build configuration list for PBXProject "Cathay-Animation-Demo" */;
			compatibilityVersion = "Xcode 14.0";
			developmentRegion = en;
			hasScannedForEncodings = 0;
			knownRegions = (
				en,
				Base,
			);
			mainGroup = 3EBD77F02C4EA13D0069F583;
			productRefGroup = 3EBD77FA2C4EA13D0069F583 /* Products */;
			projectDirPath = "";
			projectRoot = "";
			targets = (
				3EBD77F82C4EA13D0069F583 /* Cathay-Animation-Demo */,
				7B7095032C5C91C400D9B3FA /* Cathay-Animation-DemoTests */,
			);
		};
/* End PBXProject section */

/* Begin PBXResourcesBuildPhase section */
		3EBD77F72C4EA13D0069F583 /* Resources */ = {
			isa = PBXResourcesBuildPhase;
			buildActionMask = 2147483647;
			files = (
				3EBD78062C4EA13D0069F583 /* Assets.xcassets in Resources */,
				3EBD78092C4EA13D0069F583 /* Base in Resources */,
				3EBD78042C4EA13D0069F583 /* Base in Resources */,
			);
			runOnlyForDeploymentPostprocessing = 0;
		};
		7B7095022C5C91C400D9B3FA /* Resources */ = {
			isa = PBXResourcesBuildPhase;
			buildActionMask = 2147483647;
			files = (
			);
			runOnlyForDeploymentPostprocessing = 0;
		};
/* End PBXResourcesBuildPhase section */

/* Begin PBXShellScriptBuildPhase section */
		4B3F1575D3C8975EBECF9249 /* [CP] Embed Pods Frameworks */ = {
			isa = PBXShellScriptBuildPhase;
			buildActionMask = 2147483647;
			files = (
			);
			inputFileListPaths = (
				"${PODS_ROOT}/Target Support Files/Pods-Cathay-Animation-Demo/Pods-Cathay-Animation-Demo-frameworks-${CONFIGURATION}-input-files.xcfilelist",
			);
			name = "[CP] Embed Pods Frameworks";
			outputFileListPaths = (
				"${PODS_ROOT}/Target Support Files/Pods-Cathay-Animation-Demo/Pods-Cathay-Animation-Demo-frameworks-${CONFIGURATION}-output-files.xcfilelist",
			);
			runOnlyForDeploymentPostprocessing = 0;
			shellPath = /bin/sh;
			shellScript = "\"${PODS_ROOT}/Target Support Files/Pods-Cathay-Animation-Demo/Pods-Cathay-Animation-Demo-frameworks.sh\"\n";
			showEnvVarsInLog = 0;
		};
		D350C9ABC77CF0D6B041C6A4 /* [CP] Check Pods Manifest.lock */ = {
			isa = PBXShellScriptBuildPhase;
			buildActionMask = 2147483647;
			files = (
			);
			inputFileListPaths = (
			);
			inputPaths = (
				"${PODS_PODFILE_DIR_PATH}/Podfile.lock",
				"${PODS_ROOT}/Manifest.lock",
			);
			name = "[CP] Check Pods Manifest.lock";
			outputFileListPaths = (
			);
			outputPaths = (
				"$(DERIVED_FILE_DIR)/Pods-Cathay-Animation-Demo-checkManifestLockResult.txt",
			);
			runOnlyForDeploymentPostprocessing = 0;
			shellPath = /bin/sh;
			shellScript = "diff \"${PODS_PODFILE_DIR_PATH}/Podfile.lock\" \"${PODS_ROOT}/Manifest.lock\" > /dev/null\nif [ $? != 0 ] ; then\n    # print error to STDERR\n    echo \"error: The sandbox is not in sync with the Podfile.lock. Run 'pod install' or update your CocoaPods installation.\" >&2\n    exit 1\nfi\n# This output is used by Xcode 'outputs' to avoid re-running this script phase.\necho \"SUCCESS\" > \"${SCRIPT_OUTPUT_FILE_0}\"\n";
			showEnvVarsInLog = 0;
		};
/* End PBXShellScriptBuildPhase section */

/* Begin PBXSourcesBuildPhase section */
		3EBD77F52C4EA13D0069F583 /* Sources */ = {
			isa = PBXSourcesBuildPhase;
			buildActionMask = 2147483647;
			files = (
				7B69A9A42C53A30000B0D3D6 /* BottomSheetPresentationController.swift in Sources */,
				3E91BF892C54CAD60053177B /* PanModalViewController.swift in Sources */,
				3EBD78132C4EA5620069F583 /* FlightCardViewController.swift in Sources */,
				3EBD78012C4EA13D0069F583 /* ViewController.swift in Sources */,
				7B1CC3D52C5B9B940019F9B4 /* FlightCardHeaderView.swift in Sources */,
				7B7094FA2C5C6DC200D9B3FA /* UINavigationBar+Extension.swift in Sources */,
				3E207DA12C4FF90300BFAFE0 /* TabView.swift in Sources */,
				7B69A99A2C53858100B0D3D6 /* BottomSheetViewController.swift in Sources */,
				7B1FDA942C634E260025F717 /* FlightCardPage.swift in Sources */,
				7B7094FC2C5C6EEB00D9B3FA /* ScrollViewTracker.swift in Sources */,
				7BA9D2612C59D8A200BC9612 /* BottomSheetPresentable.swift in Sources */,
				3EFF87EB2C5BE66600A97941 /* FlightCardAnimationView.swift in Sources */,
				3E07D3192C5AA8E6009B346C /* BottomSheetAnimator.swift in Sources */,
				3EBD77FD2C4EA13D0069F583 /* AppDelegate.swift in Sources */,
				7B3473A72C634D0A001CBC8B /* FlightCardPageController.swift in Sources */,
				3E6EEFF32C5D325100CF6616 /* DateResultModel.swift in Sources */,
				3E91BF8B2C568DC50053177B /* BottomSheetPresentationAnimator.swift in Sources */,
				7B69A9A52C53A30000B0D3D6 /* BottomSheetTransition.swift in Sources */,
				7B27F5F82C5886C9000808DF /* TabItem.swift in Sources */,
				7B27F5FA2C58D4BA000808DF /* TabViewDelegate.swift in Sources */,
				3EBD77FF2C4EA13D0069F583 /* SceneDelegate.swift in Sources */,
				3E07D3132C5AA3A7009B346C /* BottomSheetPresentable+Layout.swift in Sources */,
				3E05B8862C7382680027FBB3 /* FlightCardMainScrollView.swift in Sources */,
				3EBD78152C4EBEE30069F583 /* FlightCardTableViewCell.swift in Sources */,
				7BF922F72C4FBFD6009CC71D /* FlightCardModel.swift in Sources */,
				3E91BF8F2C56A3FB0053177B /* PanContainerView.swift in Sources */,
				7BF63CFA2C6346FA002CD8A6 /* FlightModel.swift in Sources */,
				7BF922F32C4F53B7009CC71D /* MockNetworkHelper.swift in Sources */,
				7B27F5F62C578FD6000808DF /* TabModel.swift in Sources */,
			);
			runOnlyForDeploymentPostprocessing = 0;
		};
		7B7095002C5C91C400D9B3FA /* Sources */ = {
			isa = PBXSourcesBuildPhase;
			buildActionMask = 2147483647;
			files = (
				7B7095072C5C91C400D9B3FA /* Cathay_Animation_DemoTests.swift in Sources */,
			);
			runOnlyForDeploymentPostprocessing = 0;
		};
/* End PBXSourcesBuildPhase section */

/* Begin PBXTargetDependency section */
		7B7095092C5C91C400D9B3FA /* PBXTargetDependency */ = {
			isa = PBXTargetDependency;
			target = 3EBD77F82C4EA13D0069F583 /* Cathay-Animation-Demo */;
			targetProxy = 7B7095082C5C91C400D9B3FA /* PBXContainerItemProxy */;
		};
/* End PBXTargetDependency section */

/* Begin PBXVariantGroup section */
		3EBD78022C4EA13D0069F583 /* Main.storyboard */ = {
			isa = PBXVariantGroup;
			children = (
				3EBD78032C4EA13D0069F583 /* Base */,
			);
			name = Main.storyboard;
			sourceTree = "<group>";
		};
		3EBD78072C4EA13D0069F583 /* LaunchScreen.storyboard */ = {
			isa = PBXVariantGroup;
			children = (
				3EBD78082C4EA13D0069F583 /* Base */,
			);
			name = LaunchScreen.storyboard;
			sourceTree = "<group>";
		};
/* End PBXVariantGroup section */

/* Begin XCBuildConfiguration section */
		3EBD780B2C4EA13D0069F583 /* Debug */ = {
			isa = XCBuildConfiguration;
			buildSettings = {
				ALWAYS_SEARCH_USER_PATHS = NO;
				ASSETCATALOG_COMPILER_GENERATE_SWIFT_ASSET_SYMBOL_EXTENSIONS = YES;
				CLANG_ANALYZER_NONNULL = YES;
				CLANG_ANALYZER_NUMBER_OBJECT_CONVERSION = YES_AGGRESSIVE;
				CLANG_CXX_LANGUAGE_STANDARD = "gnu++20";
				CLANG_ENABLE_MODULES = YES;
				CLANG_ENABLE_OBJC_ARC = YES;
				CLANG_ENABLE_OBJC_WEAK = YES;
				CLANG_WARN_BLOCK_CAPTURE_AUTORELEASING = YES;
				CLANG_WARN_BOOL_CONVERSION = YES;
				CLANG_WARN_COMMA = YES;
				CLANG_WARN_CONSTANT_CONVERSION = YES;
				CLANG_WARN_DEPRECATED_OBJC_IMPLEMENTATIONS = YES;
				CLANG_WARN_DIRECT_OBJC_ISA_USAGE = YES_ERROR;
				CLANG_WARN_DOCUMENTATION_COMMENTS = YES;
				CLANG_WARN_EMPTY_BODY = YES;
				CLANG_WARN_ENUM_CONVERSION = YES;
				CLANG_WARN_INFINITE_RECURSION = YES;
				CLANG_WARN_INT_CONVERSION = YES;
				CLANG_WARN_NON_LITERAL_NULL_CONVERSION = YES;
				CLANG_WARN_OBJC_IMPLICIT_RETAIN_SELF = YES;
				CLANG_WARN_OBJC_LITERAL_CONVERSION = YES;
				CLANG_WARN_OBJC_ROOT_CLASS = YES_ERROR;
				CLANG_WARN_QUOTED_INCLUDE_IN_FRAMEWORK_HEADER = YES;
				CLANG_WARN_RANGE_LOOP_ANALYSIS = YES;
				CLANG_WARN_STRICT_PROTOTYPES = YES;
				CLANG_WARN_SUSPICIOUS_MOVE = YES;
				CLANG_WARN_UNGUARDED_AVAILABILITY = YES_AGGRESSIVE;
				CLANG_WARN_UNREACHABLE_CODE = YES;
				CLANG_WARN__DUPLICATE_METHOD_MATCH = YES;
				COPY_PHASE_STRIP = NO;
				DEBUG_INFORMATION_FORMAT = dwarf;
				ENABLE_STRICT_OBJC_MSGSEND = YES;
				ENABLE_TESTABILITY = YES;
				ENABLE_USER_SCRIPT_SANDBOXING = NO;
				GCC_C_LANGUAGE_STANDARD = gnu17;
				GCC_DYNAMIC_NO_PIC = NO;
				GCC_NO_COMMON_BLOCKS = YES;
				GCC_OPTIMIZATION_LEVEL = 0;
				GCC_PREPROCESSOR_DEFINITIONS = (
					"DEBUG=1",
					"$(inherited)",
				);
				GCC_WARN_64_TO_32_BIT_CONVERSION = YES;
				GCC_WARN_ABOUT_RETURN_TYPE = YES_ERROR;
				GCC_WARN_UNDECLARED_SELECTOR = YES;
				GCC_WARN_UNINITIALIZED_AUTOS = YES_AGGRESSIVE;
				GCC_WARN_UNUSED_FUNCTION = YES;
				GCC_WARN_UNUSED_VARIABLE = YES;
				IPHONEOS_DEPLOYMENT_TARGET = 17.4;
				LOCALIZATION_PREFERS_STRING_CATALOGS = YES;
				MTL_ENABLE_DEBUG_INFO = INCLUDE_SOURCE;
				MTL_FAST_MATH = YES;
				ONLY_ACTIVE_ARCH = YES;
				SDKROOT = iphoneos;
				SWIFT_ACTIVE_COMPILATION_CONDITIONS = "DEBUG $(inherited)";
				SWIFT_OPTIMIZATION_LEVEL = "-Onone";
			};
			name = Debug;
		};
		3EBD780C2C4EA13D0069F583 /* Release */ = {
			isa = XCBuildConfiguration;
			buildSettings = {
				ALWAYS_SEARCH_USER_PATHS = NO;
				ASSETCATALOG_COMPILER_GENERATE_SWIFT_ASSET_SYMBOL_EXTENSIONS = YES;
				CLANG_ANALYZER_NONNULL = YES;
				CLANG_ANALYZER_NUMBER_OBJECT_CONVERSION = YES_AGGRESSIVE;
				CLANG_CXX_LANGUAGE_STANDARD = "gnu++20";
				CLANG_ENABLE_MODULES = YES;
				CLANG_ENABLE_OBJC_ARC = YES;
				CLANG_ENABLE_OBJC_WEAK = YES;
				CLANG_WARN_BLOCK_CAPTURE_AUTORELEASING = YES;
				CLANG_WARN_BOOL_CONVERSION = YES;
				CLANG_WARN_COMMA = YES;
				CLANG_WARN_CONSTANT_CONVERSION = YES;
				CLANG_WARN_DEPRECATED_OBJC_IMPLEMENTATIONS = YES;
				CLANG_WARN_DIRECT_OBJC_ISA_USAGE = YES_ERROR;
				CLANG_WARN_DOCUMENTATION_COMMENTS = YES;
				CLANG_WARN_EMPTY_BODY = YES;
				CLANG_WARN_ENUM_CONVERSION = YES;
				CLANG_WARN_INFINITE_RECURSION = YES;
				CLANG_WARN_INT_CONVERSION = YES;
				CLANG_WARN_NON_LITERAL_NULL_CONVERSION = YES;
				CLANG_WARN_OBJC_IMPLICIT_RETAIN_SELF = YES;
				CLANG_WARN_OBJC_LITERAL_CONVERSION = YES;
				CLANG_WARN_OBJC_ROOT_CLASS = YES_ERROR;
				CLANG_WARN_QUOTED_INCLUDE_IN_FRAMEWORK_HEADER = YES;
				CLANG_WARN_RANGE_LOOP_ANALYSIS = YES;
				CLANG_WARN_STRICT_PROTOTYPES = YES;
				CLANG_WARN_SUSPICIOUS_MOVE = YES;
				CLANG_WARN_UNGUARDED_AVAILABILITY = YES_AGGRESSIVE;
				CLANG_WARN_UNREACHABLE_CODE = YES;
				CLANG_WARN__DUPLICATE_METHOD_MATCH = YES;
				COPY_PHASE_STRIP = NO;
				DEBUG_INFORMATION_FORMAT = "dwarf-with-dsym";
				ENABLE_NS_ASSERTIONS = NO;
				ENABLE_STRICT_OBJC_MSGSEND = YES;
				ENABLE_USER_SCRIPT_SANDBOXING = NO;
				GCC_C_LANGUAGE_STANDARD = gnu17;
				GCC_NO_COMMON_BLOCKS = YES;
				GCC_WARN_64_TO_32_BIT_CONVERSION = YES;
				GCC_WARN_ABOUT_RETURN_TYPE = YES_ERROR;
				GCC_WARN_UNDECLARED_SELECTOR = YES;
				GCC_WARN_UNINITIALIZED_AUTOS = YES_AGGRESSIVE;
				GCC_WARN_UNUSED_FUNCTION = YES;
				GCC_WARN_UNUSED_VARIABLE = YES;
				IPHONEOS_DEPLOYMENT_TARGET = 17.4;
				LOCALIZATION_PREFERS_STRING_CATALOGS = YES;
				MTL_ENABLE_DEBUG_INFO = NO;
				MTL_FAST_MATH = YES;
				SDKROOT = iphoneos;
				SWIFT_COMPILATION_MODE = wholemodule;
				VALIDATE_PRODUCT = YES;
			};
			name = Release;
		};
		3EBD780E2C4EA13D0069F583 /* Debug */ = {
			isa = XCBuildConfiguration;
			baseConfigurationReference = 73484422887A58C087246698 /* Pods-Cathay-Animation-Demo.debug.xcconfig */;
			buildSettings = {
				ASSETCATALOG_COMPILER_APPICON_NAME = AppIcon;
				ASSETCATALOG_COMPILER_GLOBAL_ACCENT_COLOR_NAME = AccentColor;
				CODE_SIGN_STYLE = Automatic;
				CURRENT_PROJECT_VERSION = 1;
				DEVELOPMENT_TEAM = ZXBN93R862;
				GENERATE_INFOPLIST_FILE = YES;
				INFOPLIST_FILE = "Cathay-Animation-Demo/Info.plist";
				INFOPLIST_KEY_UIApplicationSupportsIndirectInputEvents = YES;
				INFOPLIST_KEY_UILaunchStoryboardName = LaunchScreen;
				INFOPLIST_KEY_UIMainStoryboardFile = Main;
				INFOPLIST_KEY_UISupportedInterfaceOrientations = UIInterfaceOrientationPortrait;
				INFOPLIST_KEY_UISupportedInterfaceOrientations_iPad = "UIInterfaceOrientationLandscapeLeft UIInterfaceOrientationLandscapeRight UIInterfaceOrientationPortrait";
				IPHONEOS_DEPLOYMENT_TARGET = 15.0;
				LD_RUNPATH_SEARCH_PATHS = (
					"$(inherited)",
					"@executable_path/Frameworks",
				);
				MARKETING_VERSION = 1.0;
				PRODUCT_BUNDLE_IDENTIFIER = "com.caoyasuo.Cathay-Animation-Demo";
				PRODUCT_NAME = "$(TARGET_NAME)";
				SUPPORTED_PLATFORMS = "iphoneos iphonesimulator";
				SUPPORTS_MACCATALYST = NO;
				SUPPORTS_MAC_DESIGNED_FOR_IPHONE_IPAD = NO;
				SUPPORTS_XR_DESIGNED_FOR_IPHONE_IPAD = NO;
				SWIFT_EMIT_LOC_STRINGS = YES;
				SWIFT_VERSION = 5.0;
				TARGETED_DEVICE_FAMILY = "1,2";
			};
			name = Debug;
		};
		3EBD780F2C4EA13D0069F583 /* Release */ = {
			isa = XCBuildConfiguration;
			baseConfigurationReference = 9F4803B96DA22A4CC71FB079 /* Pods-Cathay-Animation-Demo.release.xcconfig */;
			buildSettings = {
				ASSETCATALOG_COMPILER_APPICON_NAME = AppIcon;
				ASSETCATALOG_COMPILER_GLOBAL_ACCENT_COLOR_NAME = AccentColor;
				CODE_SIGN_STYLE = Automatic;
				CURRENT_PROJECT_VERSION = 1;
				DEVELOPMENT_TEAM = ZXBN93R862;
				GENERATE_INFOPLIST_FILE = YES;
				INFOPLIST_FILE = "Cathay-Animation-Demo/Info.plist";
				INFOPLIST_KEY_UIApplicationSupportsIndirectInputEvents = YES;
				INFOPLIST_KEY_UILaunchStoryboardName = LaunchScreen;
				INFOPLIST_KEY_UIMainStoryboardFile = Main;
				INFOPLIST_KEY_UISupportedInterfaceOrientations = UIInterfaceOrientationPortrait;
				INFOPLIST_KEY_UISupportedInterfaceOrientations_iPad = "UIInterfaceOrientationLandscapeLeft UIInterfaceOrientationLandscapeRight UIInterfaceOrientationPortrait";
				IPHONEOS_DEPLOYMENT_TARGET = 15.0;
				LD_RUNPATH_SEARCH_PATHS = (
					"$(inherited)",
					"@executable_path/Frameworks",
				);
				MARKETING_VERSION = 1.0;
				PRODUCT_BUNDLE_IDENTIFIER = "com.caoyasuo.Cathay-Animation-Demo";
				PRODUCT_NAME = "$(TARGET_NAME)";
				SUPPORTED_PLATFORMS = "iphoneos iphonesimulator";
				SUPPORTS_MACCATALYST = NO;
				SUPPORTS_MAC_DESIGNED_FOR_IPHONE_IPAD = NO;
				SUPPORTS_XR_DESIGNED_FOR_IPHONE_IPAD = NO;
				SWIFT_EMIT_LOC_STRINGS = YES;
				SWIFT_VERSION = 5.0;
				TARGETED_DEVICE_FAMILY = "1,2";
			};
			name = Release;
		};
		7B70950A2C5C91C400D9B3FA /* Debug */ = {
			isa = XCBuildConfiguration;
			buildSettings = {
				BUNDLE_LOADER = "$(TEST_HOST)";
				CODE_SIGN_STYLE = Automatic;
				CURRENT_PROJECT_VERSION = 1;
				DEVELOPMENT_TEAM = ZXBN93R862;
				ENABLE_USER_SCRIPT_SANDBOXING = YES;
				GENERATE_INFOPLIST_FILE = YES;
				IPHONEOS_DEPLOYMENT_TARGET = 17.0;
				MARKETING_VERSION = 1.0;
				PRODUCT_BUNDLE_IDENTIFIER = "com.caoyasuo.Cathay-Animation-DemoTests";
				PRODUCT_NAME = "$(TARGET_NAME)";
				SWIFT_EMIT_LOC_STRINGS = NO;
				SWIFT_VERSION = 5.0;
				TARGETED_DEVICE_FAMILY = "1,2";
				TEST_HOST = "$(BUILT_PRODUCTS_DIR)/Cathay-Animation-Demo.app/$(BUNDLE_EXECUTABLE_FOLDER_PATH)/Cathay-Animation-Demo";
			};
			name = Debug;
		};
		7B70950B2C5C91C400D9B3FA /* Release */ = {
			isa = XCBuildConfiguration;
			buildSettings = {
				BUNDLE_LOADER = "$(TEST_HOST)";
				CODE_SIGN_STYLE = Automatic;
				CURRENT_PROJECT_VERSION = 1;
				DEVELOPMENT_TEAM = ZXBN93R862;
				ENABLE_USER_SCRIPT_SANDBOXING = YES;
				GENERATE_INFOPLIST_FILE = YES;
				IPHONEOS_DEPLOYMENT_TARGET = 17.0;
				MARKETING_VERSION = 1.0;
				PRODUCT_BUNDLE_IDENTIFIER = "com.caoyasuo.Cathay-Animation-DemoTests";
				PRODUCT_NAME = "$(TARGET_NAME)";
				SWIFT_EMIT_LOC_STRINGS = NO;
				SWIFT_VERSION = 5.0;
				TARGETED_DEVICE_FAMILY = "1,2";
				TEST_HOST = "$(BUILT_PRODUCTS_DIR)/Cathay-Animation-Demo.app/$(BUNDLE_EXECUTABLE_FOLDER_PATH)/Cathay-Animation-Demo";
			};
			name = Release;
		};
/* End XCBuildConfiguration section */

/* Begin XCConfigurationList section */
		3EBD77F42C4EA13D0069F583 /* Build configuration list for PBXProject "Cathay-Animation-Demo" */ = {
			isa = XCConfigurationList;
			buildConfigurations = (
				3EBD780B2C4EA13D0069F583 /* Debug */,
				3EBD780C2C4EA13D0069F583 /* Release */,
			);
			defaultConfigurationIsVisible = 0;
			defaultConfigurationName = Release;
		};
		3EBD780D2C4EA13D0069F583 /* Build configuration list for PBXNativeTarget "Cathay-Animation-Demo" */ = {
			isa = XCConfigurationList;
			buildConfigurations = (
				3EBD780E2C4EA13D0069F583 /* Debug */,
				3EBD780F2C4EA13D0069F583 /* Release */,
			);
			defaultConfigurationIsVisible = 0;
			defaultConfigurationName = Release;
		};
		7B70950C2C5C91C400D9B3FA /* Build configuration list for PBXNativeTarget "Cathay-Animation-DemoTests" */ = {
			isa = XCConfigurationList;
			buildConfigurations = (
				7B70950A2C5C91C400D9B3FA /* Debug */,
				7B70950B2C5C91C400D9B3FA /* Release */,
			);
			defaultConfigurationIsVisible = 0;
			defaultConfigurationName = Release;
		};
/* End XCConfigurationList section */
	};
	rootObject = 3EBD77F12C4EA13D0069F583 /* Project object */;
}
